{
  "version": "3",
  "redirects": {
    "https://deno.land/std/cli/mod.ts": "https://deno.land/std@0.224.0/cli/mod.ts",
    "https://deno.land/std/cli/parse_args.ts": "https://deno.land/std@0.224.0/cli/parse_args.ts"
  },
  "remote": {
    "https://deno.land/std@0.224.0/assert/assert.ts": "09d30564c09de846855b7b071e62b5974b001bb72a4b797958fe0660e7849834",
    "https://deno.land/std@0.224.0/assert/assertion_error.ts": "ba8752bd27ebc51f723702fac2f54d3e94447598f54264a6653d6413738a8917",
    "https://deno.land/std@0.224.0/cli/_data.json": "cf2cc9d039a192b3adbfe64627167c7e6212704c888c25c769fc8f1709e1e1b8",
    "https://deno.land/std@0.224.0/cli/_run_length.ts": "7da8642a0f4f41ac27c0adb1364e18886be856c1d08c5cce6c6b5c00543c8722",
    "https://deno.land/std@0.224.0/cli/mod.ts": "9548eaf4fefac2ab9b02e0f8e4de8a08cac5d24b721a6019452efec172b59de3",
    "https://deno.land/std@0.224.0/cli/parse_args.ts": "5250832fb7c544d9111e8a41ad272c016f5a53f975ef84d5a9fe5fcb70566ece",
    "https://deno.land/std@0.224.0/cli/prompt_secret.ts": "3b2f95214422226482fba4a00cb25441475b6f97069a6f70f442c1c9a16c744c",
    "https://deno.land/std@0.224.0/cli/spinner.ts": "cf873605771270b4324cc063b5031ab250d8efee8799e45e1a3bfdd333ff721d",
    "https://deno.land/std@0.224.0/cli/unicode_width.ts": "656dd4271ecc90684b6bf23a5fb8c1cf833da625ef2906b61273ad617038072f"
  }
}
